// !$*UTF8*$!
{
	archiveVersion = 1;
	classes = {
	};
	objectVersion = 56;
	objects = {

/* Begin PBXBuildFile section */
		500EDBDF2916ABE30030F780 /* Hello3DApp.swift in Sources */ = {isa = PBXBuildFile; fileRef = 500EDBDE2916ABE30030F780 /* Hello3DApp.swift */; };
		500EDBE12916ABE30030F780 /* ContentView.swift in Sources */ = {isa = PBXBuildFile; fileRef = 500EDBE02916ABE30030F780 /* ContentView.swift */; };
		500EDBE32916ABE40030F780 /* Assets.xcassets in Resources */ = {isa = PBXBuildFile; fileRef = 500EDBE22916ABE40030F780 /* Assets.xcassets */; };
		500EDBE62916ABE40030F780 /* Preview Assets.xcassets in Resources */ = {isa = PBXBuildFile; fileRef = 500EDBE52916ABE40030F780 /* Preview Assets.xcassets */; };
		500EDBFD2916B3070030F780 /* Room.scn in Resources */ = {isa = PBXBuildFile; fileRef = 500EDBFC2916B3070030F780 /* Room.scn */; };
		50564C2F2916B7660000F3DD /* baked.jpg in Resources */ = {isa = PBXBuildFile; fileRef = 50564C2E2916B7660000F3DD /* baked.jpg */; };
		507DEC6B2916E85C0058B8FF /* MonitorShader.metal in Sources */ = {isa = PBXBuildFile; fileRef = 507DEC6A2916E85C0058B8FF /* MonitorShader.metal */; };
/* End PBXBuildFile section */

/* Begin PBXFileReference section */
		500EDBDB2916ABE30030F780 /* Hello3D.app */ = {isa = PBXFileReference; explicitFileType = wrapper.application; includeInIndex = 0; path = Hello3D.app; sourceTree = BUILT_PRODUCTS_DIR; };
		500EDBDE2916ABE30030F780 /* Hello3DApp.swift */ = {isa = PBXFileReference; lastKnownFileType = sourcecode.swift; path = Hello3DApp.swift; sourceTree = "<group>"; };
		500EDBE02916ABE30030F780 /* ContentView.swift */ = {isa = PBXFileReference; lastKnownFileType = sourcecode.swift; path = ContentView.swift; sourceTree = "<group>"; };
		500EDBE22916ABE40030F780 /* Assets.xcassets */ = {isa = PBXFileReference; lastKnownFileType = folder.assetcatalog; path = Assets.xcassets; sourceTree = "<group>"; };
		500EDBE52916ABE40030F780 /* Preview Assets.xcassets */ = {isa = PBXFileReference; lastKnownFileType = folder.assetcatalog; path = "Preview Assets.xcassets"; sourceTree = "<group>"; };
		500EDBFC2916B3070030F780 /* Room.scn */ = {isa = PBXFileReference; lastKnownFileType = file.bplist; path = Room.scn; sourceTree = "<group>"; };
		50564C2E2916B7660000F3DD /* baked.jpg */ = {isa = PBXFileReference; lastKnownFileType = image.jpeg; path = baked.jpg; sourceTree = "<group>"; };
		507DEC6A2916E85C0058B8FF /* MonitorShader.metal */ = {isa = PBXFileReference; lastKnownFileType = sourcecode.metal; path = MonitorShader.metal; sourceTree = "<group>"; };
/* End PBXFileReference section */

/* Begin PBXFrameworksBuildPhase section */
		500EDBD82916ABE30030F780 /* Frameworks */ = {
			isa = PBXFrameworksBuildPhase;
			buildActionMask = 2147483647;
			files = (
			);
			runOnlyForDeploymentPostprocessing = 0;
		};
/* End PBXFrameworksBuildPhase section */

/* Begin PBXGroup section */
		500EDBD22916ABE30030F780 = {
			isa = PBXGroup;
			children = (
				500EDBDD2916ABE30030F780 /* Hello3D */,
				500EDBDC2916ABE30030F780 /* Products */,
			);
			sourceTree = "<group>";
		};
		500EDBDC2916ABE30030F780 /* Products */ = {
			isa = PBXGroup;
			children = (
				500EDBDB2916ABE30030F780 /* Hello3D.app */,
			);
			name = Products;
			sourceTree = "<group>";
		};
		500EDBDD2916ABE30030F780 /* Hello3D */ = {
			isa = PBXGroup;
			children = (
				50564C2E2916B7660000F3DD /* baked.jpg */,
				500EDBFC2916B3070030F780 /* Room.scn */,
				500EDBDE2916ABE30030F780 /* Hello3DApp.swift */,
				500EDBE02916ABE30030F780 /* ContentView.swift */,
				500EDBE22916ABE40030F780 /* Assets.xcassets */,
				500EDBE42916ABE40030F780 /* Preview Content */,
				507DEC6A2916E85C0058B8FF /* MonitorShader.metal */,
			);
			path = Hello3D;
			sourceTree = "<group>";
		};
		500EDBE42916ABE40030F780 /* Preview Content */ = {
			isa = PBXGroup;
			children = (
				500EDBE52916ABE40030F780 /* Preview Assets.xcassets */,
			);
			path = "Preview Content";
			sourceTree = "<group>";
		};
/* End PBXGroup section */

/* Begin PBXNativeTarget section */
		500EDBDA2916ABE30030F780 /* Hello3D */ = {
			isa = PBXNativeTarget;
			buildConfigurationList = 500EDBE92916ABE40030F780 /* Build configuration list for PBXNativeTarget "Hello3D" */;
			buildPhases = (
				500EDBD72916ABE30030F780 /* Sources */,
				500EDBD82916ABE30030F780 /* Frameworks */,
				500EDBD92916ABE30030F780 /* Resources */,
			);
			buildRules = (
			);
			dependencies = (
			);
			name = Hello3D;
			productName = Hello3D;
			productReference = 500EDBDB2916ABE30030F780 /* Hello3D.app */;
			productType = "com.apple.product-type.application";
		};
/* End PBXNativeTarget section */

/* Begin PBXProject section */
		500EDBD32916ABE30030F780 /* Project object */ = {
			isa = PBXProject;
			attributes = {
				BuildIndependentTargetsInParallel = 1;
				LastSwiftUpdateCheck = 1400;
				LastUpgradeCheck = 1400;
				TargetAttributes = {
					500EDBDA2916ABE30030F780 = {
						CreatedOnToolsVersion = 14.0.1;
					};
				};
			};
			buildConfigurationList = 500EDBD62916ABE30030F780 /* Build configuration list for PBXProject "Hello3D" */;
			compatibilityVersion = "Xcode 14.0";
			developmentRegion = en;
			hasScannedForEncodings = 0;
			knownRegions = (
				en,
				Base,
			);
			mainGroup = 500EDBD22916ABE30030F780;
			productRefGroup = 500EDBDC2916ABE30030F780 /* Products */;
			projectDirPath = "";
			projectRoot = "";
			targets = (
				500EDBDA2916ABE30030F780 /* Hello3D */,
			);
		};
/* End PBXProject section */

/* Begin PBXResourcesBuildPhase section */
		500EDBD92916ABE30030F780 /* Resources */ = {
			isa = PBXResourcesBuildPhase;
			buildActionMask = 2147483647;
			files = (
				500EDBE62916ABE40030F780 /* Preview Assets.xcassets in Resources */,
				500EDBFD2916B3070030F780 /* Room.scn in Resources */,
				500EDBE32916ABE40030F780 /* Assets.xcassets in Resources */,
				50564C2F2916B7660000F3DD /* baked.jpg in Resources */,
			);
			runOnlyForDeploymentPostprocessing = 0;
		};
/* End PBXResourcesBuildPhase section */

/* Begin PBXSourcesBuildPhase section */
		500EDBD72916ABE30030F780 /* Sources */ = {
			isa = PBXSourcesBuildPhase;
			buildActionMask = 2147483647;
			files = (
				500EDBE12916ABE30030F780 /* ContentView.swift in Sources */,
				500EDBDF2916ABE30030F780 /* Hello3DApp.swift in Sources */,
				507DEC6B2916E85C0058B8FF /* MonitorShader.metal in Sources */,
			);
			runOnlyForDeploymentPostprocessing = 0;
		};
/* End PBXSourcesBuildPhase section */

/* Begin XCBuildConfiguration section */
		500EDBE72916ABE40030F780 /* Debug */ = {
			isa = XCBuildConfiguration;
			buildSettings = {
				ALWAYS_SEARCH_USER_PATHS = NO;
				CLANG_ANALYZER_NONNULL = YES;
				CLANG_ANALYZER_NUMBER_OBJECT_CONVERSION = YES_AGGRESSIVE;
				CLANG_CXX_LANGUAGE_STANDARD = "gnu++20";
				CLANG_ENABLE_MODULES = YES;
				CLANG_ENABLE_OBJC_ARC = YES;
				CLANG_ENABLE_OBJC_WEAK = YES;
				CLANG_WARN_BLOCK_CAPTURE_AUTORELEASING = YES;
				CLANG_WARN_BOOL_CONVERSION = YES;
				CLANG_WARN_COMMA = YES;
				CLANG_WARN_CONSTANT_CONVERSION = YES;
				CLANG_WARN_DEPRECATED_OBJC_IMPLEMENTATIONS = YES;
				CLANG_WARN_DIRECT_OBJC_ISA_USAGE = YES_ERROR;
				CLANG_WARN_DOCUMENTATION_COMMENTS = YES;
				CLANG_WARN_EMPTY_BODY = YES;
				CLANG_WARN_ENUM_CONVERSION = YES;
				CLANG_WARN_INFINITE_RECURSION = YES;
				CLANG_WARN_INT_CONVERSION = YES;
				CLANG_WARN_NON_LITERAL_NULL_CONVERSION = YES;
				CLANG_WARN_OBJC_IMPLICIT_RETAIN_SELF = YES;
				CLANG_WARN_OBJC_LITERAL_CONVERSION = YES;
				CLANG_WARN_OBJC_ROOT_CLASS = YES_ERROR;
				CLANG_WARN_QUOTED_INCLUDE_IN_FRAMEWORK_HEADER = YES;
				CLANG_WARN_RANGE_LOOP_ANALYSIS = YES;
				CLANG_WARN_STRICT_PROTOTYPES = YES;
				CLANG_WARN_SUSPICIOUS_MOVE = YES;
				CLANG_WARN_UNGUARDED_AVAILABILITY = YES_AGGRESSIVE;
				CLANG_WARN_UNREACHABLE_CODE = YES;
				CLANG_WARN__DUPLICATE_METHOD_MATCH = YES;
				COPY_PHASE_STRIP = NO;
				DEBUG_INFORMATION_FORMAT = dwarf;
				ENABLE_STRICT_OBJC_MSGSEND = YES;
				ENABLE_TESTABILITY = YES;
				GCC_C_LANGUAGE_STANDARD = gnu11;
				GCC_DYNAMIC_NO_PIC = NO;
				GCC_NO_COMMON_BLOCKS = YES;
				GCC_OPTIMIZATION_LEVEL = 0;
				GCC_PREPROCESSOR_DEFINITIONS = (
					"DEBUG=1",
					"$(inherited)",
				);
				GCC_WARN_64_TO_32_BIT_CONVERSION = YES;
				GCC_WARN_ABOUT_RETURN_TYPE = YES_ERROR;
				GCC_WARN_UNDECLARED_SELECTOR = YES;
				GCC_WARN_UNINITIALIZED_AUTOS = YES_AGGRESSIVE;
				GCC_WARN_UNUSED_FUNCTION = YES;
				GCC_WARN_UNUSED_VARIABLE = YES;
				IPHONEOS_DEPLOYMENT_TARGET = 16.0;
				MTL_ENABLE_DEBUG_INFO = INCLUDE_SOURCE;
				MTL_FAST_MATH = YES;
				ONLY_ACTIVE_ARCH = YES;
				SDKROOT = iphoneos;
				SWIFT_ACTIVE_COMPILATION_CONDITIONS = DEBUG;
				SWIFT_OPTIMIZATION_LEVEL = "-Onone";
			};
			name = Debug;
		};
		500EDBE82916ABE40030F780 /* Release */ = {
			isa = XCBuildConfiguration;
			buildSettings = {
				ALWAYS_SEARCH_USER_PATHS = NO;
				CLANG_ANALYZER_NONNULL = YES;
				CLANG_ANALYZER_NUMBER_OBJECT_CONVERSION = YES_AGGRESSIVE;
				CLANG_CXX_LANGUAGE_STANDARD = "gnu++20";
				CLANG_ENABLE_MODULES = YES;
				CLANG_ENABLE_OBJC_ARC = YES;
				CLANG_ENABLE_OBJC_WEAK = YES;
				CLANG_WARN_BLOCK_CAPTURE_AUTORELEASING = YES;
				CLANG_WARN_BOOL_CONVERSION = YES;
				CLANG_WARN_COMMA = YES;
				CLANG_WARN_CONSTANT_CONVERSION = YES;
				CLANG_WARN_DEPRECATED_OBJC_IMPLEMENTATIONS = YES;
				CLANG_WARN_DIRECT_OBJC_ISA_USAGE = YES_ERROR;
				CLANG_WARN_DOCUMENTATION_COMMENTS = YES;
				CLANG_WARN_EMPTY_BODY = YES;
				CLANG_WARN_ENUM_CONVERSION = YES;
				CLANG_WARN_INFINITE_RECURSION = YES;
				CLANG_WARN_INT_CONVERSION = YES;
				CLANG_WARN_NON_LITERAL_NULL_CONVERSION = YES;
				CLANG_WARN_OBJC_IMPLICIT_RETAIN_SELF = YES;
				CLANG_WARN_OBJC_LITERAL_CONVERSION = YES;
				CLANG_WARN_OBJC_ROOT_CLASS = YES_ERROR;
				CLANG_WARN_QUOTED_INCLUDE_IN_FRAMEWORK_HEADER = YES;
				CLANG_WARN_RANGE_LOOP_ANALYSIS = YES;
				CLANG_WARN_STRICT_PROTOTYPES = YES;
				CLANG_WARN_SUSPICIOUS_MOVE = YES;
				CLANG_WARN_UNGUARDED_AVAILABILITY = YES_AGGRESSIVE;
				CLANG_WARN_UNREACHABLE_CODE = YES;
				CLANG_WARN__DUPLICATE_METHOD_MATCH = YES;
				COPY_PHASE_STRIP = NO;
				DEBUG_INFORMATION_FORMAT = "dwarf-with-dsym";
				ENABLE_NS_ASSERTIONS = NO;
				ENABLE_STRICT_OBJC_MSGSEND = YES;
				GCC_C_LANGUAGE_STANDARD = gnu11;
				GCC_NO_COMMON_BLOCKS = YES;
				GCC_WARN_64_TO_32_BIT_CONVERSION = YES;
				GCC_WARN_ABOUT_RETURN_TYPE = YES_ERROR;
				GCC_WARN_UNDECLARED_SELECTOR = YES;
				GCC_WARN_UNINITIALIZED_AUTOS = YES_AGGRESSIVE;
				GCC_WARN_UNUSED_FUNCTION = YES;
				GCC_WARN_UNUSED_VARIABLE = YES;
				IPHONEOS_DEPLOYMENT_TARGET = 16.0;
				MTL_ENABLE_DEBUG_INFO = NO;
				MTL_FAST_MATH = YES;
				SDKROOT = iphoneos;
				SWIFT_COMPILATION_MODE = wholemodule;
				SWIFT_OPTIMIZATION_LEVEL = "-O";
				VALIDATE_PRODUCT = YES;
			};
			name = Release;
		};
		500EDBEA2916ABE40030F780 /* Debug */ = {
			isa = XCBuildConfiguration;
			buildSettings = {
				ASSETCATALOG_COMPILER_APPICON_NAME = AppIcon;
				ASSETCATALOG_COMPILER_GLOBAL_ACCENT_COLOR_NAME = AccentColor;
				CODE_SIGN_STYLE = Automatic;
				CURRENT_PROJECT_VERSION = 1;
				DEVELOPMENT_ASSET_PATHS = "\"Hello3D/Preview Content\"";
				DEVELOPMENT_TEAM = Y9RTBT4747;
				ENABLE_PREVIEWS = YES;
				GENERATE_INFOPLIST_FILE = YES;
				INFOPLIST_KEY_UIApplicationSceneManifest_Generation = YES;
				INFOPLIST_KEY_UIApplicationSupportsIndirectInputEvents = YES;
				INFOPLIST_KEY_UILaunchScreen_Generation = YES;
				INFOPLIST_KEY_UISupportedInterfaceOrientations_iPad = "UIInterfaceOrientationPortrait UIInterfaceOrientationPortraitUpsideDown UIInterfaceOrientationLandscapeLeft UIInterfaceOrientationLandscapeRight";
				INFOPLIST_KEY_UISupportedInterfaceOrientations_iPhone = "UIInterfaceOrientationPortrait UIInterfaceOrientationLandscapeLeft UIInterfaceOrientationLandscapeRight";
				LD_RUNPATH_SEARCH_PATHS = (
					"$(inherited)",
					"@executable_path/Frameworks",
				);
				MARKETING_VERSION = 1.0;
				PRODUCT_BUNDLE_IDENTIFIER = "be.devine.creative-development.Hello3D";
				PRODUCT_NAME = "$(TARGET_NAME)";
				SWIFT_EMIT_LOC_STRINGS = YES;
				SWIFT_VERSION = 5.0;
				TARGETED_DEVICE_FAMILY = "1,2";
			};
			name = Debug;
		};
		500EDBEB2916ABE40030F780 /* Release */ = {
			isa = XCBuildConfiguration;
			buildSettings = {
				ASSETCATALOG_COMPILER_APPICON_NAME = AppIcon;
				ASSETCATALOG_COMPILER_GLOBAL_ACCENT_COLOR_NAME = AccentColor;
				CODE_SIGN_STYLE = Automatic;
				CURRENT_PROJECT_VERSION = 1;
				DEVELOPMENT_ASSET_PATHS = "\"Hello3D/Preview Content\"";
				DEVELOPMENT_TEAM = Y9RTBT4747;
				ENABLE_PREVIEWS = YES;
				GENERATE_INFOPLIST_FILE = YES;
				INFOPLIST_KEY_UIApplicationSceneManifest_Generation = YES;
				INFOPLIST_KEY_UIApplicationSupportsIndirectInputEvents = YES;
				INFOPLIST_KEY_UILaunchScreen_Generation = YES;
				INFOPLIST_KEY_UISupportedInterfaceOrientations_iPad = "UIInterfaceOrientationPortrait UIInterfaceOrientationPortraitUpsideDown UIInterfaceOrientationLandscapeLeft UIInterfaceOrientationLandscapeRight";
				INFOPLIST_KEY_UISupportedInterfaceOrientations_iPhone = "UIInterfaceOrientationPortrait UIInterfaceOrientationLandscapeLeft UIInterfaceOrientationLandscapeRight";
				LD_RUNPATH_SEARCH_PATHS = (
					"$(inherited)",
					"@executable_path/Frameworks",
				);
				MARKETING_VERSION = 1.0;
				PRODUCT_BUNDLE_IDENTIFIER = "be.devine.creative-development.Hello3D";
				PRODUCT_NAME = "$(TARGET_NAME)";
				SWIFT_EMIT_LOC_STRINGS = YES;
				SWIFT_VERSION = 5.0;
				TARGETED_DEVICE_FAMILY = "1,2";
			};
			name = Release;
		};
/* End XCBuildConfiguration section */

/* Begin XCConfigurationList section */
		500EDBD62916ABE30030F780 /* Build configuration list for PBXProject "Hello3D" */ = {
			isa = XCConfigurationList;
			buildConfigurations = (
				500EDBE72916ABE40030F780 /* Debug */,
				500EDBE82916ABE40030F780 /* Release */,
			);
			defaultConfigurationIsVisible = 0;
			defaultConfigurationName = Release;
		};
		500EDBE92916ABE40030F780 /* Build configuration list for PBXNativeTarget "Hello3D" */ = {
			isa = XCConfigurationList;
			buildConfigurations = (
				500EDBEA2916ABE40030F780 /* Debug */,
				500EDBEB2916ABE40030F780 /* Release */,
			);
			defaultConfigurationIsVisible = 0;
			defaultConfigurationName = Release;
		};
/* End XCConfigurationList section */
	};
	rootObject = 500EDBD32916ABE30030F780 /* Project object */;
}
