// !$*UTF8*$!
{
	archiveVersion = 1;
	classes = {
	};
	objectVersion = 56;
	objects = {

/* Begin PBXBuildFile section */
		50494C9F2915602500D51703 /* PageViewController.swift in Sources */ = {isa = PBXBuildFile; fileRef = 50494C9E2915602500D51703 /* PageViewController.swift */; };
		50494CA1291561D100D51703 /* FeatureCard.swift in Sources */ = {isa = PBXBuildFile; fileRef = 50494CA0291561D100D51703 /* FeatureCard.swift */; };
		50494CA32915659600D51703 /* PageView.swift in Sources */ = {isa = PBXBuildFile; fileRef = 50494CA22915659600D51703 /* PageView.swift */; };
		50494CA52915680000D51703 /* PageControl.swift in Sources */ = {isa = PBXBuildFile; fileRef = 50494CA42915680000D51703 /* PageControl.swift */; };
		508658F629153EA700922A0B /* HexagonParameters.swift in Sources */ = {isa = PBXBuildFile; fileRef = 508658F529153EA700922A0B /* HexagonParameters.swift */; };
		508658F829153FA500922A0B /* BadgeBackground.swift in Sources */ = {isa = PBXBuildFile; fileRef = 508658F729153FA500922A0B /* BadgeBackground.swift */; };
		508658FA291542AD00922A0B /* BadgeSymbol.swift in Sources */ = {isa = PBXBuildFile; fileRef = 508658F9291542AD00922A0B /* BadgeSymbol.swift */; };
		508658FC291543B600922A0B /* RotatedBadgeSymbol.swift in Sources */ = {isa = PBXBuildFile; fileRef = 508658FB291543B600922A0B /* RotatedBadgeSymbol.swift */; };
		508658FE2915441F00922A0B /* Badge.swift in Sources */ = {isa = PBXBuildFile; fileRef = 508658FD2915441F00922A0B /* Badge.swift */; };
		50865901291547FF00922A0B /* hikeData.json in Resources */ = {isa = PBXBuildFile; fileRef = 50865900291547FF00922A0B /* hikeData.json */; };
		508659032915481700922A0B /* Hike.swift in Sources */ = {isa = PBXBuildFile; fileRef = 508659022915481700922A0B /* Hike.swift */; };
		508659092915491700922A0B /* GraphCapsule.swift in Sources */ = {isa = PBXBuildFile; fileRef = 508659052915491700922A0B /* GraphCapsule.swift */; };
		5086590A2915491700922A0B /* HikeGraph.swift in Sources */ = {isa = PBXBuildFile; fileRef = 508659062915491700922A0B /* HikeGraph.swift */; };
		5086590B2915491700922A0B /* HikeDetail.swift in Sources */ = {isa = PBXBuildFile; fileRef = 508659072915491700922A0B /* HikeDetail.swift */; };
		5086590C2915491700922A0B /* HikeView.swift in Sources */ = {isa = PBXBuildFile; fileRef = 508659082915491700922A0B /* HikeView.swift */; };
		5086591029154D7500922A0B /* CategoryHome.swift in Sources */ = {isa = PBXBuildFile; fileRef = 5086590F29154D7500922A0B /* CategoryHome.swift */; };
		5086591229154EED00922A0B /* CategoryRow.swift in Sources */ = {isa = PBXBuildFile; fileRef = 5086591129154EED00922A0B /* CategoryRow.swift */; };
		5086591429154FF200922A0B /* CategoryItem.swift in Sources */ = {isa = PBXBuildFile; fileRef = 5086591329154FF200922A0B /* CategoryItem.swift */; };
		508659162915547D00922A0B /* Profile.swift in Sources */ = {isa = PBXBuildFile; fileRef = 508659152915547D00922A0B /* Profile.swift */; };
		50865919291554FB00922A0B /* ProfileHost.swift in Sources */ = {isa = PBXBuildFile; fileRef = 50865918291554FB00922A0B /* ProfileHost.swift */; };
		5086591B2915558F00922A0B /* ProfileSummary.swift in Sources */ = {isa = PBXBuildFile; fileRef = 5086591A2915558F00922A0B /* ProfileSummary.swift */; };
		5086591D2915568300922A0B /* HikeBadge.swift in Sources */ = {isa = PBXBuildFile; fileRef = 5086591C2915568300922A0B /* HikeBadge.swift */; };
		5086591F29155AB400922A0B /* ProfileEditor.swift in Sources */ = {isa = PBXBuildFile; fileRef = 5086591E29155AB400922A0B /* ProfileEditor.swift */; };
		50935E1129129BF100E7CA29 /* LandmarksApp.swift in Sources */ = {isa = PBXBuildFile; fileRef = 50935E1029129BF100E7CA29 /* LandmarksApp.swift */; };
		50935E1329129BF100E7CA29 /* ContentView.swift in Sources */ = {isa = PBXBuildFile; fileRef = 50935E1229129BF100E7CA29 /* ContentView.swift */; };
		50935E1529129BF200E7CA29 /* Assets.xcassets in Resources */ = {isa = PBXBuildFile; fileRef = 50935E1429129BF200E7CA29 /* Assets.xcassets */; };
		50935E1829129BF200E7CA29 /* Preview Assets.xcassets in Resources */ = {isa = PBXBuildFile; fileRef = 50935E1729129BF200E7CA29 /* Preview Assets.xcassets */; };
		50935E1F2912A0EB00E7CA29 /* CircleImage.swift in Sources */ = {isa = PBXBuildFile; fileRef = 50935E1E2912A0EB00E7CA29 /* CircleImage.swift */; };
		50935E212912A19100E7CA29 /* MapView.swift in Sources */ = {isa = PBXBuildFile; fileRef = 50935E202912A19100E7CA29 /* MapView.swift */; };
		50935E232912A3EE00E7CA29 /* landmarkData.json in Resources */ = {isa = PBXBuildFile; fileRef = 50935E222912A3EE00E7CA29 /* landmarkData.json */; };
		50935E252912A40500E7CA29 /* Landmark.swift in Sources */ = {isa = PBXBuildFile; fileRef = 50935E242912A40500E7CA29 /* Landmark.swift */; };
		50935E272912A4BF00E7CA29 /* ModelData.swift in Sources */ = {isa = PBXBuildFile; fileRef = 50935E262912A4BF00E7CA29 /* ModelData.swift */; };
		50935E2C2912A5FB00E7CA29 /* LandmarkRow.swift in Sources */ = {isa = PBXBuildFile; fileRef = 50935E2B2912A5FB00E7CA29 /* LandmarkRow.swift */; };
		50935E2E2912A72700E7CA29 /* LandmarkList.swift in Sources */ = {isa = PBXBuildFile; fileRef = 50935E2D2912A72700E7CA29 /* LandmarkList.swift */; };
		50935E302912A7D100E7CA29 /* LandmarkDetail.swift in Sources */ = {isa = PBXBuildFile; fileRef = 50935E2F2912A7D100E7CA29 /* LandmarkDetail.swift */; };
		50935E322912B12100E7CA29 /* FavoriteButton.swift in Sources */ = {isa = PBXBuildFile; fileRef = 50935E312912B12100E7CA29 /* FavoriteButton.swift */; };
/* End PBXBuildFile section */

/* Begin PBXFileReference section */
		50494C9E2915602500D51703 /* PageViewController.swift */ = {isa = PBXFileReference; lastKnownFileType = sourcecode.swift; path = PageViewController.swift; sourceTree = "<group>"; };
		50494CA0291561D100D51703 /* FeatureCard.swift */ = {isa = PBXFileReference; lastKnownFileType = sourcecode.swift; path = FeatureCard.swift; sourceTree = "<group>"; };
		50494CA22915659600D51703 /* PageView.swift */ = {isa = PBXFileReference; lastKnownFileType = sourcecode.swift; path = PageView.swift; sourceTree = "<group>"; };
		50494CA42915680000D51703 /* PageControl.swift */ = {isa = PBXFileReference; lastKnownFileType = sourcecode.swift; path = PageControl.swift; sourceTree = "<group>"; };
		508658F529153EA700922A0B /* HexagonParameters.swift */ = {isa = PBXFileReference; lastKnownFileType = sourcecode.swift; path = HexagonParameters.swift; sourceTree = "<group>"; };
		508658F729153FA500922A0B /* BadgeBackground.swift */ = {isa = PBXFileReference; lastKnownFileType = sourcecode.swift; path = BadgeBackground.swift; sourceTree = "<group>"; };
		508658F9291542AD00922A0B /* BadgeSymbol.swift */ = {isa = PBXFileReference; lastKnownFileType = sourcecode.swift; path = BadgeSymbol.swift; sourceTree = "<group>"; };
		508658FB291543B600922A0B /* RotatedBadgeSymbol.swift */ = {isa = PBXFileReference; lastKnownFileType = sourcecode.swift; path = RotatedBadgeSymbol.swift; sourceTree = "<group>"; };
		508658FD2915441F00922A0B /* Badge.swift */ = {isa = PBXFileReference; lastKnownFileType = sourcecode.swift; path = Badge.swift; sourceTree = "<group>"; };
		50865900291547FF00922A0B /* hikeData.json */ = {isa = PBXFileReference; fileEncoding = 4; lastKnownFileType = text.json; path = hikeData.json; sourceTree = "<group>"; };
		508659022915481700922A0B /* Hike.swift */ = {isa = PBXFileReference; lastKnownFileType = sourcecode.swift; path = Hike.swift; sourceTree = "<group>"; };
		508659052915491700922A0B /* GraphCapsule.swift */ = {isa = PBXFileReference; fileEncoding = 4; lastKnownFileType = sourcecode.swift; path = GraphCapsule.swift; sourceTree = "<group>"; };
		508659062915491700922A0B /* HikeGraph.swift */ = {isa = PBXFileReference; fileEncoding = 4; lastKnownFileType = sourcecode.swift; path = HikeGraph.swift; sourceTree = "<group>"; };
		508659072915491700922A0B /* HikeDetail.swift */ = {isa = PBXFileReference; fileEncoding = 4; lastKnownFileType = sourcecode.swift; path = HikeDetail.swift; sourceTree = "<group>"; };
		508659082915491700922A0B /* HikeView.swift */ = {isa = PBXFileReference; fileEncoding = 4; lastKnownFileType = sourcecode.swift; path = HikeView.swift; sourceTree = "<group>"; };
		5086590F29154D7500922A0B /* CategoryHome.swift */ = {isa = PBXFileReference; lastKnownFileType = sourcecode.swift; path = CategoryHome.swift; sourceTree = "<group>"; };
		5086591129154EED00922A0B /* CategoryRow.swift */ = {isa = PBXFileReference; lastKnownFileType = sourcecode.swift; path = CategoryRow.swift; sourceTree = "<group>"; };
		5086591329154FF200922A0B /* CategoryItem.swift */ = {isa = PBXFileReference; lastKnownFileType = sourcecode.swift; path = CategoryItem.swift; sourceTree = "<group>"; };
		508659152915547D00922A0B /* Profile.swift */ = {isa = PBXFileReference; lastKnownFileType = sourcecode.swift; path = Profile.swift; sourceTree = "<group>"; };
		50865918291554FB00922A0B /* ProfileHost.swift */ = {isa = PBXFileReference; lastKnownFileType = sourcecode.swift; path = ProfileHost.swift; sourceTree = "<group>"; };
		5086591A2915558F00922A0B /* ProfileSummary.swift */ = {isa = PBXFileReference; lastKnownFileType = sourcecode.swift; path = ProfileSummary.swift; sourceTree = "<group>"; };
		5086591C2915568300922A0B /* HikeBadge.swift */ = {isa = PBXFileReference; lastKnownFileType = sourcecode.swift; path = HikeBadge.swift; sourceTree = "<group>"; };
		5086591E29155AB400922A0B /* ProfileEditor.swift */ = {isa = PBXFileReference; lastKnownFileType = sourcecode.swift; path = ProfileEditor.swift; sourceTree = "<group>"; };
		50935E0D29129BF100E7CA29 /* Landmarks.app */ = {isa = PBXFileReference; explicitFileType = wrapper.application; includeInIndex = 0; path = Landmarks.app; sourceTree = BUILT_PRODUCTS_DIR; };
		50935E1029129BF100E7CA29 /* LandmarksApp.swift */ = {isa = PBXFileReference; lastKnownFileType = sourcecode.swift; path = LandmarksApp.swift; sourceTree = "<group>"; };
		50935E1229129BF100E7CA29 /* ContentView.swift */ = {isa = PBXFileReference; lastKnownFileType = sourcecode.swift; path = ContentView.swift; sourceTree = "<group>"; };
		50935E1429129BF200E7CA29 /* Assets.xcassets */ = {isa = PBXFileReference; lastKnownFileType = folder.assetcatalog; path = Assets.xcassets; sourceTree = "<group>"; };
		50935E1729129BF200E7CA29 /* Preview Assets.xcassets */ = {isa = PBXFileReference; lastKnownFileType = folder.assetcatalog; path = "Preview Assets.xcassets"; sourceTree = "<group>"; };
		50935E1E2912A0EB00E7CA29 /* CircleImage.swift */ = {isa = PBXFileReference; lastKnownFileType = sourcecode.swift; path = CircleImage.swift; sourceTree = "<group>"; };
		50935E202912A19100E7CA29 /* MapView.swift */ = {isa = PBXFileReference; lastKnownFileType = sourcecode.swift; path = MapView.swift; sourceTree = "<group>"; };
		50935E222912A3EE00E7CA29 /* landmarkData.json */ = {isa = PBXFileReference; fileEncoding = 4; lastKnownFileType = text.json; path = landmarkData.json; sourceTree = "<group>"; };
		50935E242912A40500E7CA29 /* Landmark.swift */ = {isa = PBXFileReference; lastKnownFileType = sourcecode.swift; path = Landmark.swift; sourceTree = "<group>"; };
		50935E262912A4BF00E7CA29 /* ModelData.swift */ = {isa = PBXFileReference; lastKnownFileType = sourcecode.swift; path = ModelData.swift; sourceTree = "<group>"; };
		50935E2B2912A5FB00E7CA29 /* LandmarkRow.swift */ = {isa = PBXFileReference; lastKnownFileType = sourcecode.swift; path = LandmarkRow.swift; sourceTree = "<group>"; };
		50935E2D2912A72700E7CA29 /* LandmarkList.swift */ = {isa = PBXFileReference; lastKnownFileType = sourcecode.swift; path = LandmarkList.swift; sourceTree = "<group>"; };
		50935E2F2912A7D100E7CA29 /* LandmarkDetail.swift */ = {isa = PBXFileReference; lastKnownFileType = sourcecode.swift; path = LandmarkDetail.swift; sourceTree = "<group>"; };
		50935E312912B12100E7CA29 /* FavoriteButton.swift */ = {isa = PBXFileReference; lastKnownFileType = sourcecode.swift; path = FavoriteButton.swift; sourceTree = "<group>"; };
/* End PBXFileReference section */

/* Begin PBXFrameworksBuildPhase section */
		50935E0A29129BF100E7CA29 /* Frameworks */ = {
			isa = PBXFrameworksBuildPhase;
			buildActionMask = 2147483647;
			files = (
			);
			runOnlyForDeploymentPostprocessing = 0;
		};
/* End PBXFrameworksBuildPhase section */

/* Begin PBXGroup section */
		50494C9D2915600A00D51703 /* PageView */ = {
			isa = PBXGroup;
			children = (
				50494C9E2915602500D51703 /* PageViewController.swift */,
				50494CA22915659600D51703 /* PageView.swift */,
				50494CA42915680000D51703 /* PageControl.swift */,
			);
			path = PageView;
			sourceTree = "<group>";
		};
		508658FF2915452E00922A0B /* Badges */ = {
			isa = PBXGroup;
			children = (
				508658FD2915441F00922A0B /* Badge.swift */,
				508658FB291543B600922A0B /* RotatedBadgeSymbol.swift */,
				508658F529153EA700922A0B /* HexagonParameters.swift */,
				508658F729153FA500922A0B /* BadgeBackground.swift */,
				508658F9291542AD00922A0B /* BadgeSymbol.swift */,
			);
			path = Badges;
			sourceTree = "<group>";
		};
		508659042915491700922A0B /* Hikes */ = {
			isa = PBXGroup;
			children = (
				508659052915491700922A0B /* GraphCapsule.swift */,
				508659062915491700922A0B /* HikeGraph.swift */,
				508659072915491700922A0B /* HikeDetail.swift */,
				508659082915491700922A0B /* HikeView.swift */,
				5086591C2915568300922A0B /* HikeBadge.swift */,
			);
			path = Hikes;
			sourceTree = "<group>";
		};
		5086590E29154D6100922A0B /* Categories */ = {
			isa = PBXGroup;
			children = (
				5086590F29154D7500922A0B /* CategoryHome.swift */,
				5086591129154EED00922A0B /* CategoryRow.swift */,
				5086591329154FF200922A0B /* CategoryItem.swift */,
			);
			path = Categories;
			sourceTree = "<group>";
		};
		50865917291554ED00922A0B /* Profiles */ = {
			isa = PBXGroup;
			children = (
				50865918291554FB00922A0B /* ProfileHost.swift */,
				5086591A2915558F00922A0B /* ProfileSummary.swift */,
				5086591E29155AB400922A0B /* ProfileEditor.swift */,
			);
			path = Profiles;
			sourceTree = "<group>";
		};
		50935E0429129BF100E7CA29 = {
			isa = PBXGroup;
			children = (
				50935E0F29129BF100E7CA29 /* Landmarks */,
				50935E0E29129BF100E7CA29 /* Products */,
			);
			sourceTree = "<group>";
		};
		50935E0E29129BF100E7CA29 /* Products */ = {
			isa = PBXGroup;
			children = (
				50935E0D29129BF100E7CA29 /* Landmarks.app */,
			);
			name = Products;
			sourceTree = "<group>";
		};
		50935E0F29129BF100E7CA29 /* Landmarks */ = {
			isa = PBXGroup;
			children = (
				50935E2A2912A5BC00E7CA29 /* Resources */,
				50935E292912A5B400E7CA29 /* Model */,
				50935E282912A5AD00E7CA29 /* Views */,
				50935E1029129BF100E7CA29 /* LandmarksApp.swift */,
				50935E1429129BF200E7CA29 /* Assets.xcassets */,
				50935E1629129BF200E7CA29 /* Preview Content */,
			);
			path = Landmarks;
			sourceTree = "<group>";
		};
		50935E1629129BF200E7CA29 /* Preview Content */ = {
			isa = PBXGroup;
			children = (
				50935E1729129BF200E7CA29 /* Preview Assets.xcassets */,
			);
			path = "Preview Content";
			sourceTree = "<group>";
		};
		50935E282912A5AD00E7CA29 /* Views */ = {
			isa = PBXGroup;
			children = (
				50494C9D2915600A00D51703 /* PageView */,
				50865917291554ED00922A0B /* Profiles */,
				5086590E29154D6100922A0B /* Categories */,
				508659042915491700922A0B /* Hikes */,
				508658FF2915452E00922A0B /* Badges */,
				50935E342912B19700E7CA29 /* Helpers */,
				50935E332912B19000E7CA29 /* Landmarks */,
				50935E1229129BF100E7CA29 /* ContentView.swift */,
			);
			path = Views;
			sourceTree = "<group>";
		};
		50935E292912A5B400E7CA29 /* Model */ = {
			isa = PBXGroup;
			children = (
				50935E242912A40500E7CA29 /* Landmark.swift */,
				50935E262912A4BF00E7CA29 /* ModelData.swift */,
				508659022915481700922A0B /* Hike.swift */,
				508659152915547D00922A0B /* Profile.swift */,
			);
			path = Model;
			sourceTree = "<group>";
		};
		50935E2A2912A5BC00E7CA29 /* Resources */ = {
			isa = PBXGroup;
			children = (
				50935E222912A3EE00E7CA29 /* landmarkData.json */,
				50865900291547FF00922A0B /* hikeData.json */,
			);
			path = Resources;
			sourceTree = "<group>";
		};
		50935E332912B19000E7CA29 /* Landmarks */ = {
			isa = PBXGroup;
			children = (
				50935E2D2912A72700E7CA29 /* LandmarkList.swift */,
				50935E2F2912A7D100E7CA29 /* LandmarkDetail.swift */,
				50935E2B2912A5FB00E7CA29 /* LandmarkRow.swift */,
				50494CA0291561D100D51703 /* FeatureCard.swift */,
			);
			path = Landmarks;
			sourceTree = "<group>";
		};
		50935E342912B19700E7CA29 /* Helpers */ = {
			isa = PBXGroup;
			children = (
				50935E1E2912A0EB00E7CA29 /* CircleImage.swift */,
				50935E202912A19100E7CA29 /* MapView.swift */,
				50935E312912B12100E7CA29 /* FavoriteButton.swift */,
			);
			path = Helpers;
			sourceTree = "<group>";
		};
/* End PBXGroup section */

/* Begin PBXNativeTarget section */
		50935E0C29129BF100E7CA29 /* Landmarks */ = {
			isa = PBXNativeTarget;
			buildConfigurationList = 50935E1B29129BF200E7CA29 /* Build configuration list for PBXNativeTarget "Landmarks" */;
			buildPhases = (
				50935E0929129BF100E7CA29 /* Sources */,
				50935E0A29129BF100E7CA29 /* Frameworks */,
				50935E0B29129BF100E7CA29 /* Resources */,
			);
			buildRules = (
			);
			dependencies = (
			);
			name = Landmarks;
			productName = Landmarks;
			productReference = 50935E0D29129BF100E7CA29 /* Landmarks.app */;
			productType = "com.apple.product-type.application";
		};
/* End PBXNativeTarget section */

/* Begin PBXProject section */
		50935E0529129BF100E7CA29 /* Project object */ = {
			isa = PBXProject;
			attributes = {
				BuildIndependentTargetsInParallel = 1;
				LastSwiftUpdateCheck = 1400;
				LastUpgradeCheck = 1400;
				TargetAttributes = {
					50935E0C29129BF100E7CA29 = {
						CreatedOnToolsVersion = 14.0.1;
					};
				};
			};
			buildConfigurationList = 50935E0829129BF100E7CA29 /* Build configuration list for PBXProject "Landmarks" */;
			compatibilityVersion = "Xcode 14.0";
			developmentRegion = en;
			hasScannedForEncodings = 0;
			knownRegions = (
				en,
				Base,
			);
			mainGroup = 50935E0429129BF100E7CA29;
			productRefGroup = 50935E0E29129BF100E7CA29 /* Products */;
			projectDirPath = "";
			projectRoot = "";
			targets = (
				50935E0C29129BF100E7CA29 /* Landmarks */,
			);
		};
/* End PBXProject section */

/* Begin PBXResourcesBuildPhase section */
		50935E0B29129BF100E7CA29 /* Resources */ = {
			isa = PBXResourcesBuildPhase;
			buildActionMask = 2147483647;
			files = (
				50865901291547FF00922A0B /* hikeData.json in Resources */,
				50935E1829129BF200E7CA29 /* Preview Assets.xcassets in Resources */,
				50935E1529129BF200E7CA29 /* Assets.xcassets in Resources */,
				50935E232912A3EE00E7CA29 /* landmarkData.json in Resources */,
			);
			runOnlyForDeploymentPostprocessing = 0;
		};
/* End PBXResourcesBuildPhase section */

/* Begin PBXSourcesBuildPhase section */
		50935E0929129BF100E7CA29 /* Sources */ = {
			isa = PBXSourcesBuildPhase;
			buildActionMask = 2147483647;
			files = (
				5086591229154EED00922A0B /* CategoryRow.swift in Sources */,
				508659162915547D00922A0B /* Profile.swift in Sources */,
				50935E1329129BF100E7CA29 /* ContentView.swift in Sources */,
				5086591029154D7500922A0B /* CategoryHome.swift in Sources */,
				50494CA1291561D100D51703 /* FeatureCard.swift in Sources */,
				5086590A2915491700922A0B /* HikeGraph.swift in Sources */,
				508658FE2915441F00922A0B /* Badge.swift in Sources */,
				50935E212912A19100E7CA29 /* MapView.swift in Sources */,
				508659092915491700922A0B /* GraphCapsule.swift in Sources */,
				50935E1129129BF100E7CA29 /* LandmarksApp.swift in Sources */,
				50494CA52915680000D51703 /* PageControl.swift in Sources */,
				50935E322912B12100E7CA29 /* FavoriteButton.swift in Sources */,
				5086591429154FF200922A0B /* CategoryItem.swift in Sources */,
				5086590B2915491700922A0B /* HikeDetail.swift in Sources */,
				5086591B2915558F00922A0B /* ProfileSummary.swift in Sources */,
				508658F629153EA700922A0B /* HexagonParameters.swift in Sources */,
				50865919291554FB00922A0B /* ProfileHost.swift in Sources */,
				508659032915481700922A0B /* Hike.swift in Sources */,
				508658FC291543B600922A0B /* RotatedBadgeSymbol.swift in Sources */,
				50494CA32915659600D51703 /* PageView.swift in Sources */,
				508658FA291542AD00922A0B /* BadgeSymbol.swift in Sources */,
				5086591F29155AB400922A0B /* ProfileEditor.swift in Sources */,
				50935E2E2912A72700E7CA29 /* LandmarkList.swift in Sources */,
				5086590C2915491700922A0B /* HikeView.swift in Sources */,
				50935E302912A7D100E7CA29 /* LandmarkDetail.swift in Sources */,
				50494C9F2915602500D51703 /* PageViewController.swift in Sources */,
				508658F829153FA500922A0B /* BadgeBackground.swift in Sources */,
				5086591D2915568300922A0B /* HikeBadge.swift in Sources */,
				50935E1F2912A0EB00E7CA29 /* CircleImage.swift in Sources */,
				50935E252912A40500E7CA29 /* Landmark.swift in Sources */,
				50935E2C2912A5FB00E7CA29 /* LandmarkRow.swift in Sources */,
				50935E272912A4BF00E7CA29 /* ModelData.swift in Sources */,
			);
			runOnlyForDeploymentPostprocessing = 0;
		};
/* End PBXSourcesBuildPhase section */

/* Begin XCBuildConfiguration section */
		50935E1929129BF200E7CA29 /* Debug */ = {
			isa = XCBuildConfiguration;
			buildSettings = {
				ALWAYS_SEARCH_USER_PATHS = NO;
				CLANG_ANALYZER_NONNULL = YES;
				CLANG_ANALYZER_NUMBER_OBJECT_CONVERSION = YES_AGGRESSIVE;
				CLANG_CXX_LANGUAGE_STANDARD = "gnu++20";
				CLANG_ENABLE_MODULES = YES;
				CLANG_ENABLE_OBJC_ARC = YES;
				CLANG_ENABLE_OBJC_WEAK = YES;
				CLANG_WARN_BLOCK_CAPTURE_AUTORELEASING = YES;
				CLANG_WARN_BOOL_CONVERSION = YES;
				CLANG_WARN_COMMA = YES;
				CLANG_WARN_CONSTANT_CONVERSION = YES;
				CLANG_WARN_DEPRECATED_OBJC_IMPLEMENTATIONS = YES;
				CLANG_WARN_DIRECT_OBJC_ISA_USAGE = YES_ERROR;
				CLANG_WARN_DOCUMENTATION_COMMENTS = YES;
				CLANG_WARN_EMPTY_BODY = YES;
				CLANG_WARN_ENUM_CONVERSION = YES;
				CLANG_WARN_INFINITE_RECURSION = YES;
				CLANG_WARN_INT_CONVERSION = YES;
				CLANG_WARN_NON_LITERAL_NULL_CONVERSION = YES;
				CLANG_WARN_OBJC_IMPLICIT_RETAIN_SELF = YES;
				CLANG_WARN_OBJC_LITERAL_CONVERSION = YES;
				CLANG_WARN_OBJC_ROOT_CLASS = YES_ERROR;
				CLANG_WARN_QUOTED_INCLUDE_IN_FRAMEWORK_HEADER = YES;
				CLANG_WARN_RANGE_LOOP_ANALYSIS = YES;
				CLANG_WARN_STRICT_PROTOTYPES = YES;
				CLANG_WARN_SUSPICIOUS_MOVE = YES;
				CLANG_WARN_UNGUARDED_AVAILABILITY = YES_AGGRESSIVE;
				CLANG_WARN_UNREACHABLE_CODE = YES;
				CLANG_WARN__DUPLICATE_METHOD_MATCH = YES;
				COPY_PHASE_STRIP = NO;
				DEBUG_INFORMATION_FORMAT = dwarf;
				ENABLE_STRICT_OBJC_MSGSEND = YES;
				ENABLE_TESTABILITY = YES;
				GCC_C_LANGUAGE_STANDARD = gnu11;
				GCC_DYNAMIC_NO_PIC = NO;
				GCC_NO_COMMON_BLOCKS = YES;
				GCC_OPTIMIZATION_LEVEL = 0;
				GCC_PREPROCESSOR_DEFINITIONS = (
					"DEBUG=1",
					"$(inherited)",
				);
				GCC_WARN_64_TO_32_BIT_CONVERSION = YES;
				GCC_WARN_ABOUT_RETURN_TYPE = YES_ERROR;
				GCC_WARN_UNDECLARED_SELECTOR = YES;
				GCC_WARN_UNINITIALIZED_AUTOS = YES_AGGRESSIVE;
				GCC_WARN_UNUSED_FUNCTION = YES;
				GCC_WARN_UNUSED_VARIABLE = YES;
				IPHONEOS_DEPLOYMENT_TARGET = 16.0;
				MTL_ENABLE_DEBUG_INFO = INCLUDE_SOURCE;
				MTL_FAST_MATH = YES;
				ONLY_ACTIVE_ARCH = YES;
				SDKROOT = iphoneos;
				SWIFT_ACTIVE_COMPILATION_CONDITIONS = DEBUG;
				SWIFT_OPTIMIZATION_LEVEL = "-Onone";
			};
			name = Debug;
		};
		50935E1A29129BF200E7CA29 /* Release */ = {
			isa = XCBuildConfiguration;
			buildSettings = {
				ALWAYS_SEARCH_USER_PATHS = NO;
				CLANG_ANALYZER_NONNULL = YES;
				CLANG_ANALYZER_NUMBER_OBJECT_CONVERSION = YES_AGGRESSIVE;
				CLANG_CXX_LANGUAGE_STANDARD = "gnu++20";
				CLANG_ENABLE_MODULES = YES;
				CLANG_ENABLE_OBJC_ARC = YES;
				CLANG_ENABLE_OBJC_WEAK = YES;
				CLANG_WARN_BLOCK_CAPTURE_AUTORELEASING = YES;
				CLANG_WARN_BOOL_CONVERSION = YES;
				CLANG_WARN_COMMA = YES;
				CLANG_WARN_CONSTANT_CONVERSION = YES;
				CLANG_WARN_DEPRECATED_OBJC_IMPLEMENTATIONS = YES;
				CLANG_WARN_DIRECT_OBJC_ISA_USAGE = YES_ERROR;
				CLANG_WARN_DOCUMENTATION_COMMENTS = YES;
				CLANG_WARN_EMPTY_BODY = YES;
				CLANG_WARN_ENUM_CONVERSION = YES;
				CLANG_WARN_INFINITE_RECURSION = YES;
				CLANG_WARN_INT_CONVERSION = YES;
				CLANG_WARN_NON_LITERAL_NULL_CONVERSION = YES;
				CLANG_WARN_OBJC_IMPLICIT_RETAIN_SELF = YES;
				CLANG_WARN_OBJC_LITERAL_CONVERSION = YES;
				CLANG_WARN_OBJC_ROOT_CLASS = YES_ERROR;
				CLANG_WARN_QUOTED_INCLUDE_IN_FRAMEWORK_HEADER = YES;
				CLANG_WARN_RANGE_LOOP_ANALYSIS = YES;
				CLANG_WARN_STRICT_PROTOTYPES = YES;
				CLANG_WARN_SUSPICIOUS_MOVE = YES;
				CLANG_WARN_UNGUARDED_AVAILABILITY = YES_AGGRESSIVE;
				CLANG_WARN_UNREACHABLE_CODE = YES;
				CLANG_WARN__DUPLICATE_METHOD_MATCH = YES;
				COPY_PHASE_STRIP = NO;
				DEBUG_INFORMATION_FORMAT = "dwarf-with-dsym";
				ENABLE_NS_ASSERTIONS = NO;
				ENABLE_STRICT_OBJC_MSGSEND = YES;
				GCC_C_LANGUAGE_STANDARD = gnu11;
				GCC_NO_COMMON_BLOCKS = YES;
				GCC_WARN_64_TO_32_BIT_CONVERSION = YES;
				GCC_WARN_ABOUT_RETURN_TYPE = YES_ERROR;
				GCC_WARN_UNDECLARED_SELECTOR = YES;
				GCC_WARN_UNINITIALIZED_AUTOS = YES_AGGRESSIVE;
				GCC_WARN_UNUSED_FUNCTION = YES;
				GCC_WARN_UNUSED_VARIABLE = YES;
				IPHONEOS_DEPLOYMENT_TARGET = 16.0;
				MTL_ENABLE_DEBUG_INFO = NO;
				MTL_FAST_MATH = YES;
				SDKROOT = iphoneos;
				SWIFT_COMPILATION_MODE = wholemodule;
				SWIFT_OPTIMIZATION_LEVEL = "-O";
				VALIDATE_PRODUCT = YES;
			};
			name = Release;
		};
		50935E1C29129BF200E7CA29 /* Debug */ = {
			isa = XCBuildConfiguration;
			buildSettings = {
				ASSETCATALOG_COMPILER_APPICON_NAME = AppIcon;
				ASSETCATALOG_COMPILER_GLOBAL_ACCENT_COLOR_NAME = AccentColor;
				CODE_SIGN_STYLE = Automatic;
				CURRENT_PROJECT_VERSION = 1;
				DEVELOPMENT_ASSET_PATHS = "\"Landmarks/Preview Content\"";
				DEVELOPMENT_TEAM = Y9RTBT4747;
				ENABLE_PREVIEWS = YES;
				GENERATE_INFOPLIST_FILE = YES;
				INFOPLIST_KEY_UIApplicationSceneManifest_Generation = YES;
				INFOPLIST_KEY_UIApplicationSupportsIndirectInputEvents = YES;
				INFOPLIST_KEY_UILaunchScreen_Generation = YES;
				INFOPLIST_KEY_UISupportedInterfaceOrientations_iPad = "UIInterfaceOrientationPortrait UIInterfaceOrientationPortraitUpsideDown UIInterfaceOrientationLandscapeLeft UIInterfaceOrientationLandscapeRight";
				INFOPLIST_KEY_UISupportedInterfaceOrientations_iPhone = "UIInterfaceOrientationPortrait UIInterfaceOrientationLandscapeLeft UIInterfaceOrientationLandscapeRight";
				LD_RUNPATH_SEARCH_PATHS = (
					"$(inherited)",
					"@executable_path/Frameworks",
				);
				MARKETING_VERSION = 1.0;
				PRODUCT_BUNDLE_IDENTIFIER = "be.devine.creative-development.Landmarks";
				PRODUCT_NAME = "$(TARGET_NAME)";
				SWIFT_EMIT_LOC_STRINGS = YES;
				SWIFT_VERSION = 5.0;
				TARGETED_DEVICE_FAMILY = "1,2";
			};
			name = Debug;
		};
		50935E1D29129BF200E7CA29 /* Release */ = {
			isa = XCBuildConfiguration;
			buildSettings = {
				ASSETCATALOG_COMPILER_APPICON_NAME = AppIcon;
				ASSETCATALOG_COMPILER_GLOBAL_ACCENT_COLOR_NAME = AccentColor;
				CODE_SIGN_STYLE = Automatic;
				CURRENT_PROJECT_VERSION = 1;
				DEVELOPMENT_ASSET_PATHS = "\"Landmarks/Preview Content\"";
				DEVELOPMENT_TEAM = Y9RTBT4747;
				ENABLE_PREVIEWS = YES;
				GENERATE_INFOPLIST_FILE = YES;
				INFOPLIST_KEY_UIApplicationSceneManifest_Generation = YES;
				INFOPLIST_KEY_UIApplicationSupportsIndirectInputEvents = YES;
				INFOPLIST_KEY_UILaunchScreen_Generation = YES;
				INFOPLIST_KEY_UISupportedInterfaceOrientations_iPad = "UIInterfaceOrientationPortrait UIInterfaceOrientationPortraitUpsideDown UIInterfaceOrientationLandscapeLeft UIInterfaceOrientationLandscapeRight";
				INFOPLIST_KEY_UISupportedInterfaceOrientations_iPhone = "UIInterfaceOrientationPortrait UIInterfaceOrientationLandscapeLeft UIInterfaceOrientationLandscapeRight";
				LD_RUNPATH_SEARCH_PATHS = (
					"$(inherited)",
					"@executable_path/Frameworks",
				);
				MARKETING_VERSION = 1.0;
				PRODUCT_BUNDLE_IDENTIFIER = "be.devine.creative-development.Landmarks";
				PRODUCT_NAME = "$(TARGET_NAME)";
				SWIFT_EMIT_LOC_STRINGS = YES;
				SWIFT_VERSION = 5.0;
				TARGETED_DEVICE_FAMILY = "1,2";
			};
			name = Release;
		};
/* End XCBuildConfiguration section */

/* Begin XCConfigurationList section */
		50935E0829129BF100E7CA29 /* Build configuration list for PBXProject "Landmarks" */ = {
			isa = XCConfigurationList;
			buildConfigurations = (
				50935E1929129BF200E7CA29 /* Debug */,
				50935E1A29129BF200E7CA29 /* Release */,
			);
			defaultConfigurationIsVisible = 0;
			defaultConfigurationName = Release;
		};
		50935E1B29129BF200E7CA29 /* Build configuration list for PBXNativeTarget "Landmarks" */ = {
			isa = XCConfigurationList;
			buildConfigurations = (
				50935E1C29129BF200E7CA29 /* Debug */,
				50935E1D29129BF200E7CA29 /* Release */,
			);
			defaultConfigurationIsVisible = 0;
			defaultConfigurationName = Release;
		};
/* End XCConfigurationList section */
	};
	rootObject = 50935E0529129BF100E7CA29 /* Project object */;
}
